
Microsoft Visual Studio Solution File, Format Version 12.00
# Visual Studio Version 16
VisualStudioVersion = 16.0.30907.101
MinimumVisualStudioVersion = 10.0.40219.1
Project("{FAE04EC0-301F-11D3-BF4B-00C04F79EFBC}") = "WebSiteCoreProject1", "WebSiteCoreProject1.csproj", "{3F4D83FD-4DE4-48C8-83D5-306F8C37F385}"
EndProject
Global
	GlobalSection(SolutionConfigurationPlatforms) = preSolution
		Debug|Any CPU = Debug|Any CPU
		Release|Any CPU = Release|Any CPU
	EndGlobalSection
	GlobalSection(ProjectConfigurationPlatforms) = postSolution
		{3F4D83FD-4DE4-48C8-83D5-306F8C37F385}.Debug|Any CPU.ActiveCfg = Debug|Any CPU
		{3F4D83FD-4DE4-48C8-83D5-306F8C37F385}.Debug|Any CPU.Build.0 = Debug|Any CPU
		{3F4D83FD-4DE4-48C8-83D5-306F8C37F385}.Release|Any CPU.ActiveCfg = Release|Any CPU
		{3F4D83FD-4DE4-48C8-83D5-306F8C37F385}.Release|Any CPU.Build.0 = Release|Any CPU
	EndGlobalSection
	GlobalSection(SolutionProperties) = preSolution
		HideSolutionNode = FALSE
	EndGlobalSection
	GlobalSection(ExtensibilityGlobals) = postSolution
		SolutionGuid = {98D73C18-F766-4B34-8170-9B8EE719F6C2}
	EndGlobalSection
EndGlobal
